
Microsoft Visual Studio Solution File, Format Version 12.00
# Visual Studio Version 17
VisualStudioVersion = 17.5.002.0
MinimumVisualStudioVersion = 10.0.40219.1
Project("{2150E333-8FDC-42A3-9474-1A3956D46DE8}") = "Hydra", "Hydra", "{36F29A80-9460-46A0-BBFD-E3BB8B2A5447}"
EndProject
Project("{9A19103F-16F7-4668-BE54-9A1E7A4F7556}") = "BackendDotNet", "Hydra\BackendDotNet\BackendDotNet.csproj", "{4AD18A11-8C32-428B-824A-73AC31D04B6E}"
EndProject
Global
	GlobalSection(SolutionConfigurationPlatforms) = preSolution
		Debug|Any CPU = Debug|Any CPU
		Release|Any CPU = Release|Any CPU
	EndGlobalSection
	GlobalSection(ProjectConfigurationPlatforms) = postSolution
		{4AD18A11-8C32-428B-824A-73AC31D04B6E}.Debug|Any CPU.ActiveCfg = Debug|Any CPU
		{4AD18A11-8C32-428B-824A-73AC31D04B6E}.Debug|Any CPU.Build.0 = Debug|Any CPU
		{4AD18A11-8C32-428B-824A-73AC31D04B6E}.Release|Any CPU.ActiveCfg = Release|Any CPU
		{4AD18A11-8C32-428B-824A-73AC31D04B6E}.Release|Any CPU.Build.0 = Release|Any CPU
	EndGlobalSection
	GlobalSection(SolutionProperties) = preSolution
		HideSolutionNode = FALSE
	EndGlobalSection
	GlobalSection(NestedProjects) = preSolution
		{4AD18A11-8C32-428B-824A-73AC31D04B6E} = {36F29A80-9460-46A0-BBFD-E3BB8B2A5447}
	EndGlobalSection
	GlobalSection(ExtensibilityGlobals) = postSolution
		SolutionGuid = {3861C6D4-2EFB-4829-8B72-8CAE852331C2}
	EndGlobalSection
EndGlobal
